
Microsoft Visual Studio Solution File, Format Version 12.00
# Visual Studio Version 17
VisualStudioVersion = 17.0.31903.59
MinimumVisualStudioVersion = 10.0.40219.1
Project("{FAE04EC0-301F-11D3-BF4B-00C04F79EFBC}") = "uvodnaVjezba0.1", "uvodnaVjezba0.1.csproj", "{6D9C7A70-3F37-48AF-A2F5-56CB1BB1FE74}"
EndProject
Global
	GlobalSection(SolutionConfigurationPlatforms) = preSolution
		Debug|Any CPU = Debug|Any CPU
		Release|Any CPU = Release|Any CPU
	EndGlobalSection
	GlobalSection(ProjectConfigurationPlatforms) = postSolution
		{6D9C7A70-3F37-48AF-A2F5-56CB1BB1FE74}.Debug|Any CPU.ActiveCfg = Debug|Any CPU
		{6D9C7A70-3F37-48AF-A2F5-56CB1BB1FE74}.Debug|Any CPU.Build.0 = Debug|Any CPU
		{6D9C7A70-3F37-48AF-A2F5-56CB1BB1FE74}.Release|Any CPU.ActiveCfg = Release|Any CPU
		{6D9C7A70-3F37-48AF-A2F5-56CB1BB1FE74}.Release|Any CPU.Build.0 = Release|Any CPU
	EndGlobalSection
	GlobalSection(SolutionProperties) = preSolution
		HideSolutionNode = FALSE
	EndGlobalSection
	GlobalSection(ExtensibilityGlobals) = postSolution
		SolutionGuid = {B3178FA5-58BD-4787-BF04-B4F7B2A4CFEA}
	EndGlobalSection
EndGlobal
